
Microsoft Visual Studio Solution File, Format Version 12.00
Project("{FAE04EC0-301F-11D3-BF4B-00C04F79EFBC}") = "Geniapp.Master", "Geniapp.Master\Geniapp.Master.csproj", "{D17B7552-C3F4-4DAE-AB56-DA4DEEAB4874}"
EndProject
Project("{2150E333-8FDC-42A3-9474-1A3956D46DE8}") = "Application", "Application", "{AABA3E2F-EB2D-4D39-ABAF-B5E29515C63E}"
EndProject
Project("{FAE04EC0-301F-11D3-BF4B-00C04F79EFBC}") = "Geniapp.Infrastructure", "Geniapp.Infrastructure\Geniapp.Infrastructure.csproj", "{A5D7719D-9DF4-46A4-BED1-625FD9314F69}"
EndProject
Project("{FAE04EC0-301F-11D3-BF4B-00C04F79EFBC}") = "Geniapp.Worker", "Geniapp.Worker\Geniapp.Worker.csproj", "{C6F08069-A4D3-4193-9241-1AAEBCA4B75E}"
EndProject
Project("{2150E333-8FDC-42A3-9474-1A3956D46DE8}") = "Services", "Services", "{4B2EB3AF-829C-4017-A0F2-5CD01BBD557B}"
EndProject
Project("{FAE04EC0-301F-11D3-BF4B-00C04F79EFBC}") = "Geniapp.Frontend", "Geniapp.Frontend\Geniapp.Frontend.csproj", "{C180C7C3-7890-4B85-A002-6D43273EFD34}"
EndProject
Global
	GlobalSection(SolutionConfigurationPlatforms) = preSolution
		Debug|Any CPU = Debug|Any CPU
		Release|Any CPU = Release|Any CPU
	EndGlobalSection
	GlobalSection(ProjectConfigurationPlatforms) = postSolution
		{D17B7552-C3F4-4DAE-AB56-DA4DEEAB4874}.Debug|Any CPU.ActiveCfg = Debug|Any CPU
		{D17B7552-C3F4-4DAE-AB56-DA4DEEAB4874}.Debug|Any CPU.Build.0 = Debug|Any CPU
		{D17B7552-C3F4-4DAE-AB56-DA4DEEAB4874}.Release|Any CPU.ActiveCfg = Release|Any CPU
		{D17B7552-C3F4-4DAE-AB56-DA4DEEAB4874}.Release|Any CPU.Build.0 = Release|Any CPU
		{A5D7719D-9DF4-46A4-BED1-625FD9314F69}.Debug|Any CPU.ActiveCfg = Debug|Any CPU
		{A5D7719D-9DF4-46A4-BED1-625FD9314F69}.Debug|Any CPU.Build.0 = Debug|Any CPU
		{A5D7719D-9DF4-46A4-BED1-625FD9314F69}.Release|Any CPU.ActiveCfg = Release|Any CPU
		{A5D7719D-9DF4-46A4-BED1-625FD9314F69}.Release|Any CPU.Build.0 = Release|Any CPU
		{C6F08069-A4D3-4193-9241-1AAEBCA4B75E}.Debug|Any CPU.ActiveCfg = Debug|Any CPU
		{C6F08069-A4D3-4193-9241-1AAEBCA4B75E}.Debug|Any CPU.Build.0 = Debug|Any CPU
		{C6F08069-A4D3-4193-9241-1AAEBCA4B75E}.Release|Any CPU.ActiveCfg = Release|Any CPU
		{C6F08069-A4D3-4193-9241-1AAEBCA4B75E}.Release|Any CPU.Build.0 = Release|Any CPU
		{C180C7C3-7890-4B85-A002-6D43273EFD34}.Debug|Any CPU.ActiveCfg = Debug|Any CPU
		{C180C7C3-7890-4B85-A002-6D43273EFD34}.Debug|Any CPU.Build.0 = Debug|Any CPU
		{C180C7C3-7890-4B85-A002-6D43273EFD34}.Release|Any CPU.ActiveCfg = Release|Any CPU
		{C180C7C3-7890-4B85-A002-6D43273EFD34}.Release|Any CPU.Build.0 = Release|Any CPU
	EndGlobalSection
	GlobalSection(NestedProjects) = preSolution
		{A5D7719D-9DF4-46A4-BED1-625FD9314F69} = {AABA3E2F-EB2D-4D39-ABAF-B5E29515C63E}
		{4B2EB3AF-829C-4017-A0F2-5CD01BBD557B} = {AABA3E2F-EB2D-4D39-ABAF-B5E29515C63E}
		{C6F08069-A4D3-4193-9241-1AAEBCA4B75E} = {4B2EB3AF-829C-4017-A0F2-5CD01BBD557B}
		{D17B7552-C3F4-4DAE-AB56-DA4DEEAB4874} = {4B2EB3AF-829C-4017-A0F2-5CD01BBD557B}
		{C180C7C3-7890-4B85-A002-6D43273EFD34} = {4B2EB3AF-829C-4017-A0F2-5CD01BBD557B}
	EndGlobalSection
EndGlobal
